
Microsoft Visual Studio Solution File, Format Version 12.00
# Visual Studio Version 17
VisualStudioVersion = 17.1.32421.90
MinimumVisualStudioVersion = 10.0.40219.1
Project("{2150E333-8FDC-42A3-9474-1A3956D46DE8}") = "LinqBase", "LinqBase", "{2986DCA4-20AA-4CD9-A39C-19263E4F66BE}"
	ProjectSection(SolutionItems) = preProject
		Base\04_ExpressionTree.txt = Base\04_ExpressionTree.txt
		Base\05_SQL.txt = Base\05_SQL.txt
	EndProjectSection
EndProject
Project("{2150E333-8FDC-42A3-9474-1A3956D46DE8}") = "01_AnonymousTypes", "01_AnonymousTypes", "{BF3787A9-B30E-47BB-AF3D-74940D191A6F}"
EndProject
Project("{2150E333-8FDC-42A3-9474-1A3956D46DE8}") = "02_ExtensionMethods", "02_ExtensionMethods", "{8E1DDB0A-558D-47AC-975A-7BCFAA06F39D}"
EndProject
Project("{2150E333-8FDC-42A3-9474-1A3956D46DE8}") = "03_LambdaCalculus", "03_LambdaCalculus", "{55359DB8-1318-4AEC-9C1E-DC81F167F656}"
EndProject
Project("{2150E333-8FDC-42A3-9474-1A3956D46DE8}") = "LINQ", "LINQ", "{BB275A40-EF2D-452E-A519-A03C8084A750}"
EndProject
Project("{2150E333-8FDC-42A3-9474-1A3956D46DE8}") = "LambdaExpressionTree", "LambdaExpressionTree", "{F4B6D7D9-49CC-454E-BA04-F33F76834DB1}"
EndProject
Project("{9A19103F-16F7-4668-BE54-9A1E7A4F7556}") = "01_Anonymous", "Base\01_AnonymousTypes\01_Anonymous\01_Anonymous.csproj", "{216CD892-52D4-452F-9420-78C2BC63B729}"
EndProject
Project("{9A19103F-16F7-4668-BE54-9A1E7A4F7556}") = "02_Anonymous", "Base\01_AnonymousTypes\02_Anonymous\02_Anonymous.csproj", "{2BD1C948-B7F9-4B3C-83E2-C2D8A8A6E9ED}"
EndProject
Project("{9A19103F-16F7-4668-BE54-9A1E7A4F7556}") = "03_Anonymous", "Base\01_AnonymousTypes\03_Anonymous\03_Anonymous.csproj", "{1A3B7BFC-446E-4763-9FBC-932A5F702E5E}"
EndProject
Project("{9A19103F-16F7-4668-BE54-9A1E7A4F7556}") = "04_Anonymous", "Base\01_AnonymousTypes\04_Anonymous\04_Anonymous.csproj", "{CA212A6C-AA01-43A7-9B04-0292BB8A6CFC}"
EndProject
Project("{9A19103F-16F7-4668-BE54-9A1E7A4F7556}") = "05_Anonymous", "Base\01_AnonymousTypes\05_Anonymous\05_Anonymous.csproj", "{9FBE08A8-66C0-4C4B-B0C0-1975BB2B8940}"
EndProject
Project("{9A19103F-16F7-4668-BE54-9A1E7A4F7556}") = "01_Lambda", "Base\03_LambdaCalculus\01_Lambda\01_Lambda.csproj", "{471A9BC0-1B53-4C40-BC58-A75E4BCE43C7}"
EndProject
Project("{9A19103F-16F7-4668-BE54-9A1E7A4F7556}") = "02_Lambda", "Base\03_LambdaCalculus\02_Lambda\02_Lambda.csproj", "{BA6F0784-4F73-4879-8B85-A97A57C81250}"
EndProject
Project("{9A19103F-16F7-4668-BE54-9A1E7A4F7556}") = "03_Lambda", "Base\03_LambdaCalculus\03_Lambda\03_Lambda.csproj", "{4FF9AC92-CF07-449C-BA5E-DF5A58823C9C}"
EndProject
Project("{9A19103F-16F7-4668-BE54-9A1E7A4F7556}") = "04_Lambda", "Base\03_LambdaCalculus\04_Lambda\04_Lambda.csproj", "{155C1BCE-1ECA-4DF0-A040-86637D7DFC57}"
EndProject
Project("{9A19103F-16F7-4668-BE54-9A1E7A4F7556}") = "01_Extension", "Base\02_ExtensionMethods\01_Extension\01_Extension.csproj", "{AD033D00-878C-4130-B368-9C9D04D1158C}"
EndProject
Project("{9A19103F-16F7-4668-BE54-9A1E7A4F7556}") = "02_Extension", "Base\02_ExtensionMethods\02_Extension\02_Extension.csproj", "{4C4D3792-0E04-4700-BD47-61C215F21461}"
EndProject
Project("{9A19103F-16F7-4668-BE54-9A1E7A4F7556}") = "03_Extension", "Base\02_ExtensionMethods\03_Extension\03_Extension.csproj", "{06D052CB-5924-466A-B738-7AF374A80361}"
EndProject
Project("{9A19103F-16F7-4668-BE54-9A1E7A4F7556}") = "04_Extension", "Base\02_ExtensionMethods\04_Extension\04_Extension.csproj", "{0C2F8ECF-63B9-4A86-AB80-1142A4C3DF51}"
EndProject
Project("{9A19103F-16F7-4668-BE54-9A1E7A4F7556}") = "05_Extention", "Base\02_ExtensionMethods\05_Extention\05_Extention.csproj", "{FC8AC1FC-3412-43D3-9DC2-E1B79B18F026}"
EndProject
Project("{9A19103F-16F7-4668-BE54-9A1E7A4F7556}") = "NumberExtensions", "Base\02_ExtensionMethods\NumberExtensions\NumberExtensions.csproj", "{2A433A94-A33C-4E57-A4A9-63A78AC4851C}"
EndProject
Project("{9A19103F-16F7-4668-BE54-9A1E7A4F7556}") = "01_Query", "LINQ\01_LINQ\01_Query.csproj", "{9F6A2F43-BE88-4425-856A-EA8CBE1F490B}"
EndProject
Project("{9A19103F-16F7-4668-BE54-9A1E7A4F7556}") = "Shared", "LINQ\00_LinqCore\Shared.csproj", "{7AEAFA07-98DC-4B7F-9519-F566BC448AAA}"
EndProject
Project("{9A19103F-16F7-4668-BE54-9A1E7A4F7556}") = "02_QueryExtension_!", "LINQ\02_LINQ\02_QueryExtension_!.csproj", "{E74D8EFE-E586-4D38-8753-96C14C4A30C7}"
EndProject
Project("{9A19103F-16F7-4668-BE54-9A1E7A4F7556}") = "04_WhereSelectOverriding_!", "LINQ\04_LINQ\04_WhereSelectOverriding_!.csproj", "{36770D0C-DE15-4E2E-8423-0A88F4AA6935}"
EndProject
Project("{9A19103F-16F7-4668-BE54-9A1E7A4F7556}") = "03_QueryStaticMethod_!", "LINQ\03_LINQ\03_QueryStaticMethod_!.csproj", "{7F0E783A-3C16-43F4-BFBD-431501DD969A}"
EndProject
Project("{9A19103F-16F7-4668-BE54-9A1E7A4F7556}") = "06_ArrayListAsSourse", "LINQ\06_LINQ\06_ArrayListAsSourse.csproj", "{58ED2E4F-C2DF-4702-9D83-63D34803D051}"
EndProject
Project("{9A19103F-16F7-4668-BE54-9A1E7A4F7556}") = "05_FromFrom", "LINQ\05_LINQ\05_FromFrom.csproj", "{3277A9EA-D9C5-4773-8068-1742D428D028}"
EndProject
Project("{9A19103F-16F7-4668-BE54-9A1E7A4F7556}") = "07_Join", "LINQ\07_LINQ\07_Join.csproj", "{56E6EF25-B651-4E1E-81C1-A86C433FA241}"
EndProject
Project("{9A19103F-16F7-4668-BE54-9A1E7A4F7556}") = "08_OrderBy", "LINQ\08_LINQ\08_OrderBy.csproj", "{48E6C531-0361-47E2-96EB-0D81286410DC}"
EndProject
Project("{9A19103F-16F7-4668-BE54-9A1E7A4F7556}") = "09_Select", "LINQ\09_LINQ\09_Select.csproj", "{0C3E8F64-332C-4EC9-9145-99831C1A0202}"
EndProject
Project("{9A19103F-16F7-4668-BE54-9A1E7A4F7556}") = "10_Select", "LINQ\10_LINQ\10_Select.csproj", "{D88A8BE2-E035-40A4-8C9E-F49B1A4F0A1D}"
EndProject
Project("{9A19103F-16F7-4668-BE54-9A1E7A4F7556}") = "11_Let", "LINQ\11_LINQ\11_Let.csproj", "{C0AD90A5-458C-491F-A17D-471976691B8F}"
EndProject
Project("{9A19103F-16F7-4668-BE54-9A1E7A4F7556}") = "12_Let", "LINQ\12_LINQ\12_Let.csproj", "{EFC88D84-EE8D-4A49-87B3-66F4A85B293A}"
EndProject
Project("{9A19103F-16F7-4668-BE54-9A1E7A4F7556}") = "13_Group", "LINQ\13_LINQ\13_Group.csproj", "{AABC6D3E-94B3-4CCC-824A-9D0EA2B0A3D7}"
EndProject
Project("{9A19103F-16F7-4668-BE54-9A1E7A4F7556}") = "14_Group", "LINQ\14_LINQ\14_Group.csproj", "{EDE6F07D-6D3C-4A6F-8D2B-B42246CC724A}"
EndProject
Project("{9A19103F-16F7-4668-BE54-9A1E7A4F7556}") = "15_Into", "LINQ\15_LINQ\15_Into.csproj", "{D9D67498-183F-4178-AD17-93B1ADE79B5F}"
EndProject
Project("{2150E333-8FDC-42A3-9474-1A3956D46DE8}") = "LinqExtensions", "LinqExtensions", "{81477556-A2B4-4129-83DA-EF53A4C69195}"
EndProject
Project("{9A19103F-16F7-4668-BE54-9A1E7A4F7556}") = "00_RepeatRangeDefault", "LINQ\LinqExtensions\00_RepeatRangeDefault\00_RepeatRangeDefault.csproj", "{5DB18530-D33F-4447-B61B-04546B25E214}"
EndProject
Project("{9A19103F-16F7-4668-BE54-9A1E7A4F7556}") = "01_AllAnyContains", "LINQ\LinqExtensions\01_AllAnySingleContain\01_AllAnyContains.csproj", "{A3649C59-8225-4C42-ADC5-5D805ED6EEC7}"
EndProject
Project("{9A19103F-16F7-4668-BE54-9A1E7A4F7556}") = "02_FirstLastSingleElementAt", "C:\Users\vovik\source\repos\Linq\src\LINQ\LinqExtensions\02_FirstLastSingle\02_FirstLastSingleElementAt.csproj", "{FBDCB76A-DDEC-440F-8C7F-87B609EE83C8}"
EndProject
Project("{2150E333-8FDC-42A3-9474-1A3956D46DE8}") = "ImmediateJobs", "ImmediateJobs", "{499A3D8C-E65D-4CA3-85DD-861D2F6639D7}"
EndProject
Project("{2150E333-8FDC-42A3-9474-1A3956D46DE8}") = "DeferredJobs", "DeferredJobs", "{8DC3C55B-81CE-48E8-BD4F-E301A7C1009D}"
EndProject
Project("{9A19103F-16F7-4668-BE54-9A1E7A4F7556}") = "06_OrderByThanBy", "LINQ\LinqExtensions\03_OrderByThanBy\06_OrderByThanBy.csproj", "{FFC0AD76-095A-4884-B935-0330FAD5731D}"
EndProject
Project("{9A19103F-16F7-4668-BE54-9A1E7A4F7556}") = "00_CastOfType", "LINQ\LinqExtensions\00_CastTypeOf\00_CastOfType.csproj", "{3AFCDBE2-A539-4585-94C2-A8B9EB3E7302}"
EndProject
Project("{9A19103F-16F7-4668-BE54-9A1E7A4F7556}") = "04_MetaAggregate", "LINQ\LinqExtensions\04_MetaAggregate\04_MetaAggregate.csproj", "{498BBD5E-CED1-4E7A-82E3-39D42DD16906}"
EndProject
Project("{9A19103F-16F7-4668-BE54-9A1E7A4F7556}") = "03_Aggregate", "LINQ\LinqExtensions\03_Aggregate\03_Aggregate.csproj", "{E8BEC871-E74E-45DB-9E1E-9BA9351A364C}"
EndProject
Project("{9A19103F-16F7-4668-BE54-9A1E7A4F7556}") = "05_SequenceEqual", "LINQ\LinqExtensions\05_SequenceEqual\05_SequenceEqual.csproj", "{C7FE5285-64C9-4716-847E-D717CD9B5F03}"
EndProject
Project("{9A19103F-16F7-4668-BE54-9A1E7A4F7556}") = "07_ToDictionaryToLookup", "LINQ\LinqExtensions\07_ToDictionaryToLookup\07_ToDictionaryToLookup.csproj", "{3AF9656B-6DCB-4F4A-937E-D8EE816251BD}"
EndProject
Project("{9A19103F-16F7-4668-BE54-9A1E7A4F7556}") = "06_ToArrayToListToHashSet", "LINQ\LinqExtensions\06_ToArrayToList\06_ToArrayToListToHashSet.csproj", "{73179F5A-7B89-444B-A0C3-162A76C772CF}"
EndProject
Project("{9A19103F-16F7-4668-BE54-9A1E7A4F7556}") = "01_Where", "LINQ\LinqExtensions\01_Where\01_Where.csproj", "{D828866B-CB9D-4DBB-8757-78952BA5D361}"
EndProject
Project("{9A19103F-16F7-4668-BE54-9A1E7A4F7556}") = "02_Select", "LINQ\LinqExtensions\02_Select\02_Select.csproj", "{AAF8FD94-C0D8-4159-B7E0-F0575D990DC9}"
EndProject
Project("{9A19103F-16F7-4668-BE54-9A1E7A4F7556}") = "05_SelectMany", "LINQ\LinqExtensions\03_SelectMany\05_SelectMany.csproj", "{D9F68390-14E4-474F-AA95-5A761E0EE2FE}"
EndProject
Project("{9A19103F-16F7-4668-BE54-9A1E7A4F7556}") = "03_JoinGroupJoin", "LINQ\LinqExtensions\03_Join\03_JoinGroupJoin.csproj", "{FA1C52EF-164D-48E5-B85B-BF5AC6794643}"
EndProject
Project("{9A19103F-16F7-4668-BE54-9A1E7A4F7556}") = "04_GroupBy", "LINQ\LinqExtensions\04_GroupBy\04_GroupBy.csproj", "{073D09A6-F637-43E7-ADC2-6B254579EC5C}"
EndProject
Project("{9A19103F-16F7-4668-BE54-9A1E7A4F7556}") = "07_UnionConcatDistinctIntersectExcept", "LINQ\LinqExtensions\07_UnionConcateIntersectExcept\07_UnionConcatDistinctIntersectExcept.csproj", "{C2860F92-2449-4796-8B39-F6FD99D23E5E}"
EndProject
Project("{9A19103F-16F7-4668-BE54-9A1E7A4F7556}") = "08_Zip", "LINQ\LinqExtensions\09_Zip\08_Zip.csproj", "{141916ED-2D00-47F2-B25B-9C9A889F4B1B}"
EndProject
Project("{9A19103F-16F7-4668-BE54-9A1E7A4F7556}") = "ExpressionTree", "LINQ\LambdaExpressionTree\ExpressionTree\ExpressionTree.csproj", "{8BCDE547-C97D-4E01-9DF1-C4C029D9554E}"
EndProject
Project("{9A19103F-16F7-4668-BE54-9A1E7A4F7556}") = "10_AppendAsEnumerable", "LINQ\LinqExtensions\10_AppendAsEnumerable\10_AppendAsEnumerable.csproj", "{99682534-006D-45D5-83CB-27D46D183D92}"
EndProject
Project("{9A19103F-16F7-4668-BE54-9A1E7A4F7556}") = "09_TakeSkipReverse", "LINQ\LinqExtensions\08_TakeSkipReverse\09_TakeSkipReverse.csproj", "{B7DCC860-33FA-469E-9261-11437C4EE959}"
EndProject
Project("{9A19103F-16F7-4668-BE54-9A1E7A4F7556}") = "Core", "LINQ\LinqExtensions\Core\Core.csproj", "{8BB1A895-A820-4E80-8586-E70ADC3B9808}"
EndProject
Project("{9A19103F-16F7-4668-BE54-9A1E7A4F7556}") = "11_Chunk", "LINQ\LinqExtensions\11_Chunk\11_Chunk.csproj", "{F5F161C0-B088-478C-89F9-27EC17B253A1}"
EndProject
Project("{2150E333-8FDC-42A3-9474-1A3956D46DE8}") = "00_NotEnumerable", "00_NotEnumerable", "{4C59DCA8-3BB7-4808-BED6-FD8CC5CA6259}"
EndProject
Project("{9A19103F-16F7-4668-BE54-9A1E7A4F7556}") = "TrivialCollections", "NotEnumerable\TrivialCollections\TrivialCollections.csproj", "{5CA974CF-73C1-483E-AAEA-0416CA53AE1F}"
EndProject
Project("{9A19103F-16F7-4668-BE54-9A1E7A4F7556}") = "TrivialCollections.Tests", "NotEnumerable\TrivialCollections.Tests\TrivialCollections.Tests.csproj", "{BA10424E-8496-40F2-9FE3-FF5EF02AABD3}"
EndProject
Project("{2150E333-8FDC-42A3-9474-1A3956D46DE8}") = "01_IEnumerable", "01_IEnumerable", "{3A4E75ED-C7AB-4E8C-88D8-F8EC22A88926}"
EndProject
Project("{9A19103F-16F7-4668-BE54-9A1E7A4F7556}") = "00_StateMachine", "IEnumerable\StateMachine\00_StateMachine.csproj", "{13DDA266-EE4A-420D-8957-B08C8DA10429}"
EndProject
Project("{9A19103F-16F7-4668-BE54-9A1E7A4F7556}") = "01_UserCollection", "IEnumerable\01_UserCollections\01_UserCollection.csproj", "{F56E2110-1EB7-4309-9F54-294422B39BC4}"
EndProject
Project("{9A19103F-16F7-4668-BE54-9A1E7A4F7556}") = "AllJoin", "LINQ\AllJoin\AllJoin.csproj", "{6FD0B1EE-2A27-4DC6-B52F-2B4717A716A4}"
EndProject
Global
	GlobalSection(SolutionConfigurationPlatforms) = preSolution
		Debug|Any CPU = Debug|Any CPU
		Release|Any CPU = Release|Any CPU
	EndGlobalSection
	GlobalSection(ProjectConfigurationPlatforms) = postSolution
		{216CD892-52D4-452F-9420-78C2BC63B729}.Debug|Any CPU.ActiveCfg = Debug|Any CPU
		{216CD892-52D4-452F-9420-78C2BC63B729}.Debug|Any CPU.Build.0 = Debug|Any CPU
		{216CD892-52D4-452F-9420-78C2BC63B729}.Release|Any CPU.ActiveCfg = Release|Any CPU
		{216CD892-52D4-452F-9420-78C2BC63B729}.Release|Any CPU.Build.0 = Release|Any CPU
		{2BD1C948-B7F9-4B3C-83E2-C2D8A8A6E9ED}.Debug|Any CPU.ActiveCfg = Debug|Any CPU
		{2BD1C948-B7F9-4B3C-83E2-C2D8A8A6E9ED}.Debug|Any CPU.Build.0 = Debug|Any CPU
		{2BD1C948-B7F9-4B3C-83E2-C2D8A8A6E9ED}.Release|Any CPU.ActiveCfg = Release|Any CPU
		{2BD1C948-B7F9-4B3C-83E2-C2D8A8A6E9ED}.Release|Any CPU.Build.0 = Release|Any CPU
		{1A3B7BFC-446E-4763-9FBC-932A5F702E5E}.Debug|Any CPU.ActiveCfg = Debug|Any CPU
		{1A3B7BFC-446E-4763-9FBC-932A5F702E5E}.Debug|Any CPU.Build.0 = Debug|Any CPU
		{1A3B7BFC-446E-4763-9FBC-932A5F702E5E}.Release|Any CPU.ActiveCfg = Release|Any CPU
		{1A3B7BFC-446E-4763-9FBC-932A5F702E5E}.Release|Any CPU.Build.0 = Release|Any CPU
		{CA212A6C-AA01-43A7-9B04-0292BB8A6CFC}.Debug|Any CPU.ActiveCfg = Debug|Any CPU
		{CA212A6C-AA01-43A7-9B04-0292BB8A6CFC}.Debug|Any CPU.Build.0 = Debug|Any CPU
		{CA212A6C-AA01-43A7-9B04-0292BB8A6CFC}.Release|Any CPU.ActiveCfg = Release|Any CPU
		{CA212A6C-AA01-43A7-9B04-0292BB8A6CFC}.Release|Any CPU.Build.0 = Release|Any CPU
		{9FBE08A8-66C0-4C4B-B0C0-1975BB2B8940}.Debug|Any CPU.ActiveCfg = Debug|Any CPU
		{9FBE08A8-66C0-4C4B-B0C0-1975BB2B8940}.Debug|Any CPU.Build.0 = Debug|Any CPU
		{9FBE08A8-66C0-4C4B-B0C0-1975BB2B8940}.Release|Any CPU.ActiveCfg = Release|Any CPU
		{9FBE08A8-66C0-4C4B-B0C0-1975BB2B8940}.Release|Any CPU.Build.0 = Release|Any CPU
		{471A9BC0-1B53-4C40-BC58-A75E4BCE43C7}.Debug|Any CPU.ActiveCfg = Debug|Any CPU
		{471A9BC0-1B53-4C40-BC58-A75E4BCE43C7}.Debug|Any CPU.Build.0 = Debug|Any CPU
		{471A9BC0-1B53-4C40-BC58-A75E4BCE43C7}.Release|Any CPU.ActiveCfg = Release|Any CPU
		{471A9BC0-1B53-4C40-BC58-A75E4BCE43C7}.Release|Any CPU.Build.0 = Release|Any CPU
		{BA6F0784-4F73-4879-8B85-A97A57C81250}.Debug|Any CPU.ActiveCfg = Debug|Any CPU
		{BA6F0784-4F73-4879-8B85-A97A57C81250}.Debug|Any CPU.Build.0 = Debug|Any CPU
		{BA6F0784-4F73-4879-8B85-A97A57C81250}.Release|Any CPU.ActiveCfg = Release|Any CPU
		{BA6F0784-4F73-4879-8B85-A97A57C81250}.Release|Any CPU.Build.0 = Release|Any CPU
		{4FF9AC92-CF07-449C-BA5E-DF5A58823C9C}.Debug|Any CPU.ActiveCfg = Debug|Any CPU
		{4FF9AC92-CF07-449C-BA5E-DF5A58823C9C}.Debug|Any CPU.Build.0 = Debug|Any CPU
		{4FF9AC92-CF07-449C-BA5E-DF5A58823C9C}.Release|Any CPU.ActiveCfg = Release|Any CPU
		{4FF9AC92-CF07-449C-BA5E-DF5A58823C9C}.Release|Any CPU.Build.0 = Release|Any CPU
		{155C1BCE-1ECA-4DF0-A040-86637D7DFC57}.Debug|Any CPU.ActiveCfg = Debug|Any CPU
		{155C1BCE-1ECA-4DF0-A040-86637D7DFC57}.Debug|Any CPU.Build.0 = Debug|Any CPU
		{155C1BCE-1ECA-4DF0-A040-86637D7DFC57}.Release|Any CPU.ActiveCfg = Release|Any CPU
		{155C1BCE-1ECA-4DF0-A040-86637D7DFC57}.Release|Any CPU.Build.0 = Release|Any CPU
		{AD033D00-878C-4130-B368-9C9D04D1158C}.Debug|Any CPU.ActiveCfg = Debug|Any CPU
		{AD033D00-878C-4130-B368-9C9D04D1158C}.Debug|Any CPU.Build.0 = Debug|Any CPU
		{AD033D00-878C-4130-B368-9C9D04D1158C}.Release|Any CPU.ActiveCfg = Release|Any CPU
		{AD033D00-878C-4130-B368-9C9D04D1158C}.Release|Any CPU.Build.0 = Release|Any CPU
		{4C4D3792-0E04-4700-BD47-61C215F21461}.Debug|Any CPU.ActiveCfg = Debug|Any CPU
		{4C4D3792-0E04-4700-BD47-61C215F21461}.Debug|Any CPU.Build.0 = Debug|Any CPU
		{4C4D3792-0E04-4700-BD47-61C215F21461}.Release|Any CPU.ActiveCfg = Release|Any CPU
		{4C4D3792-0E04-4700-BD47-61C215F21461}.Release|Any CPU.Build.0 = Release|Any CPU
		{06D052CB-5924-466A-B738-7AF374A80361}.Debug|Any CPU.ActiveCfg = Debug|Any CPU
		{06D052CB-5924-466A-B738-7AF374A80361}.Debug|Any CPU.Build.0 = Debug|Any CPU
		{06D052CB-5924-466A-B738-7AF374A80361}.Release|Any CPU.ActiveCfg = Release|Any CPU
		{06D052CB-5924-466A-B738-7AF374A80361}.Release|Any CPU.Build.0 = Release|Any CPU
		{0C2F8ECF-63B9-4A86-AB80-1142A4C3DF51}.Debug|Any CPU.ActiveCfg = Debug|Any CPU
		{0C2F8ECF-63B9-4A86-AB80-1142A4C3DF51}.Debug|Any CPU.Build.0 = Debug|Any CPU
		{0C2F8ECF-63B9-4A86-AB80-1142A4C3DF51}.Release|Any CPU.ActiveCfg = Release|Any CPU
		{0C2F8ECF-63B9-4A86-AB80-1142A4C3DF51}.Release|Any CPU.Build.0 = Release|Any CPU
		{FC8AC1FC-3412-43D3-9DC2-E1B79B18F026}.Debug|Any CPU.ActiveCfg = Debug|Any CPU
		{FC8AC1FC-3412-43D3-9DC2-E1B79B18F026}.Debug|Any CPU.Build.0 = Debug|Any CPU
		{FC8AC1FC-3412-43D3-9DC2-E1B79B18F026}.Release|Any CPU.ActiveCfg = Release|Any CPU
		{FC8AC1FC-3412-43D3-9DC2-E1B79B18F026}.Release|Any CPU.Build.0 = Release|Any CPU
		{2A433A94-A33C-4E57-A4A9-63A78AC4851C}.Debug|Any CPU.ActiveCfg = Debug|Any CPU
		{2A433A94-A33C-4E57-A4A9-63A78AC4851C}.Debug|Any CPU.Build.0 = Debug|Any CPU
		{2A433A94-A33C-4E57-A4A9-63A78AC4851C}.Release|Any CPU.ActiveCfg = Release|Any CPU
		{2A433A94-A33C-4E57-A4A9-63A78AC4851C}.Release|Any CPU.Build.0 = Release|Any CPU
		{9F6A2F43-BE88-4425-856A-EA8CBE1F490B}.Debug|Any CPU.ActiveCfg = Debug|Any CPU
		{9F6A2F43-BE88-4425-856A-EA8CBE1F490B}.Debug|Any CPU.Build.0 = Debug|Any CPU
		{9F6A2F43-BE88-4425-856A-EA8CBE1F490B}.Release|Any CPU.ActiveCfg = Release|Any CPU
		{9F6A2F43-BE88-4425-856A-EA8CBE1F490B}.Release|Any CPU.Build.0 = Release|Any CPU
		{7AEAFA07-98DC-4B7F-9519-F566BC448AAA}.Debug|Any CPU.ActiveCfg = Debug|Any CPU
		{7AEAFA07-98DC-4B7F-9519-F566BC448AAA}.Debug|Any CPU.Build.0 = Debug|Any CPU
		{7AEAFA07-98DC-4B7F-9519-F566BC448AAA}.Release|Any CPU.ActiveCfg = Release|Any CPU
		{7AEAFA07-98DC-4B7F-9519-F566BC448AAA}.Release|Any CPU.Build.0 = Release|Any CPU
		{E74D8EFE-E586-4D38-8753-96C14C4A30C7}.Debug|Any CPU.ActiveCfg = Debug|Any CPU
		{E74D8EFE-E586-4D38-8753-96C14C4A30C7}.Debug|Any CPU.Build.0 = Debug|Any CPU
		{E74D8EFE-E586-4D38-8753-96C14C4A30C7}.Release|Any CPU.ActiveCfg = Release|Any CPU
		{E74D8EFE-E586-4D38-8753-96C14C4A30C7}.Release|Any CPU.Build.0 = Release|Any CPU
		{36770D0C-DE15-4E2E-8423-0A88F4AA6935}.Debug|Any CPU.ActiveCfg = Debug|Any CPU
		{36770D0C-DE15-4E2E-8423-0A88F4AA6935}.Debug|Any CPU.Build.0 = Debug|Any CPU
		{36770D0C-DE15-4E2E-8423-0A88F4AA6935}.Release|Any CPU.ActiveCfg = Release|Any CPU
		{36770D0C-DE15-4E2E-8423-0A88F4AA6935}.Release|Any CPU.Build.0 = Release|Any CPU
		{7F0E783A-3C16-43F4-BFBD-431501DD969A}.Debug|Any CPU.ActiveCfg = Debug|Any CPU
		{7F0E783A-3C16-43F4-BFBD-431501DD969A}.Debug|Any CPU.Build.0 = Debug|Any CPU
		{7F0E783A-3C16-43F4-BFBD-431501DD969A}.Release|Any CPU.ActiveCfg = Release|Any CPU
		{7F0E783A-3C16-43F4-BFBD-431501DD969A}.Release|Any CPU.Build.0 = Release|Any CPU
		{58ED2E4F-C2DF-4702-9D83-63D34803D051}.Debug|Any CPU.ActiveCfg = Debug|Any CPU
		{58ED2E4F-C2DF-4702-9D83-63D34803D051}.Debug|Any CPU.Build.0 = Debug|Any CPU
		{58ED2E4F-C2DF-4702-9D83-63D34803D051}.Release|Any CPU.ActiveCfg = Release|Any CPU
		{58ED2E4F-C2DF-4702-9D83-63D34803D051}.Release|Any CPU.Build.0 = Release|Any CPU
		{3277A9EA-D9C5-4773-8068-1742D428D028}.Debug|Any CPU.ActiveCfg = Debug|Any CPU
		{3277A9EA-D9C5-4773-8068-1742D428D028}.Debug|Any CPU.Build.0 = Debug|Any CPU
		{3277A9EA-D9C5-4773-8068-1742D428D028}.Release|Any CPU.ActiveCfg = Release|Any CPU
		{3277A9EA-D9C5-4773-8068-1742D428D028}.Release|Any CPU.Build.0 = Release|Any CPU
		{56E6EF25-B651-4E1E-81C1-A86C433FA241}.Debug|Any CPU.ActiveCfg = Debug|Any CPU
		{56E6EF25-B651-4E1E-81C1-A86C433FA241}.Debug|Any CPU.Build.0 = Debug|Any CPU
		{56E6EF25-B651-4E1E-81C1-A86C433FA241}.Release|Any CPU.ActiveCfg = Release|Any CPU
		{56E6EF25-B651-4E1E-81C1-A86C433FA241}.Release|Any CPU.Build.0 = Release|Any CPU
		{48E6C531-0361-47E2-96EB-0D81286410DC}.Debug|Any CPU.ActiveCfg = Debug|Any CPU
		{48E6C531-0361-47E2-96EB-0D81286410DC}.Debug|Any CPU.Build.0 = Debug|Any CPU
		{48E6C531-0361-47E2-96EB-0D81286410DC}.Release|Any CPU.ActiveCfg = Release|Any CPU
		{48E6C531-0361-47E2-96EB-0D81286410DC}.Release|Any CPU.Build.0 = Release|Any CPU
		{0C3E8F64-332C-4EC9-9145-99831C1A0202}.Debug|Any CPU.ActiveCfg = Debug|Any CPU
		{0C3E8F64-332C-4EC9-9145-99831C1A0202}.Debug|Any CPU.Build.0 = Debug|Any CPU
		{0C3E8F64-332C-4EC9-9145-99831C1A0202}.Release|Any CPU.ActiveCfg = Release|Any CPU
		{0C3E8F64-332C-4EC9-9145-99831C1A0202}.Release|Any CPU.Build.0 = Release|Any CPU
		{D88A8BE2-E035-40A4-8C9E-F49B1A4F0A1D}.Debug|Any CPU.ActiveCfg = Debug|Any CPU
		{D88A8BE2-E035-40A4-8C9E-F49B1A4F0A1D}.Debug|Any CPU.Build.0 = Debug|Any CPU
		{D88A8BE2-E035-40A4-8C9E-F49B1A4F0A1D}.Release|Any CPU.ActiveCfg = Release|Any CPU
		{D88A8BE2-E035-40A4-8C9E-F49B1A4F0A1D}.Release|Any CPU.Build.0 = Release|Any CPU
		{C0AD90A5-458C-491F-A17D-471976691B8F}.Debug|Any CPU.ActiveCfg = Debug|Any CPU
		{C0AD90A5-458C-491F-A17D-471976691B8F}.Debug|Any CPU.Build.0 = Debug|Any CPU
		{C0AD90A5-458C-491F-A17D-471976691B8F}.Release|Any CPU.ActiveCfg = Release|Any CPU
		{C0AD90A5-458C-491F-A17D-471976691B8F}.Release|Any CPU.Build.0 = Release|Any CPU
		{EFC88D84-EE8D-4A49-87B3-66F4A85B293A}.Debug|Any CPU.ActiveCfg = Debug|Any CPU
		{EFC88D84-EE8D-4A49-87B3-66F4A85B293A}.Debug|Any CPU.Build.0 = Debug|Any CPU
		{EFC88D84-EE8D-4A49-87B3-66F4A85B293A}.Release|Any CPU.ActiveCfg = Release|Any CPU
		{EFC88D84-EE8D-4A49-87B3-66F4A85B293A}.Release|Any CPU.Build.0 = Release|Any CPU
		{AABC6D3E-94B3-4CCC-824A-9D0EA2B0A3D7}.Debug|Any CPU.ActiveCfg = Debug|Any CPU
		{AABC6D3E-94B3-4CCC-824A-9D0EA2B0A3D7}.Debug|Any CPU.Build.0 = Debug|Any CPU
		{AABC6D3E-94B3-4CCC-824A-9D0EA2B0A3D7}.Release|Any CPU.ActiveCfg = Release|Any CPU
		{AABC6D3E-94B3-4CCC-824A-9D0EA2B0A3D7}.Release|Any CPU.Build.0 = Release|Any CPU
		{EDE6F07D-6D3C-4A6F-8D2B-B42246CC724A}.Debug|Any CPU.ActiveCfg = Debug|Any CPU
		{EDE6F07D-6D3C-4A6F-8D2B-B42246CC724A}.Debug|Any CPU.Build.0 = Debug|Any CPU
		{EDE6F07D-6D3C-4A6F-8D2B-B42246CC724A}.Release|Any CPU.ActiveCfg = Release|Any CPU
		{EDE6F07D-6D3C-4A6F-8D2B-B42246CC724A}.Release|Any CPU.Build.0 = Release|Any CPU
		{D9D67498-183F-4178-AD17-93B1ADE79B5F}.Debug|Any CPU.ActiveCfg = Debug|Any CPU
		{D9D67498-183F-4178-AD17-93B1ADE79B5F}.Debug|Any CPU.Build.0 = Debug|Any CPU
		{D9D67498-183F-4178-AD17-93B1ADE79B5F}.Release|Any CPU.ActiveCfg = Release|Any CPU
		{D9D67498-183F-4178-AD17-93B1ADE79B5F}.Release|Any CPU.Build.0 = Release|Any CPU
		{5DB18530-D33F-4447-B61B-04546B25E214}.Debug|Any CPU.ActiveCfg = Debug|Any CPU
		{5DB18530-D33F-4447-B61B-04546B25E214}.Debug|Any CPU.Build.0 = Debug|Any CPU
		{5DB18530-D33F-4447-B61B-04546B25E214}.Release|Any CPU.ActiveCfg = Release|Any CPU
		{5DB18530-D33F-4447-B61B-04546B25E214}.Release|Any CPU.Build.0 = Release|Any CPU
		{A3649C59-8225-4C42-ADC5-5D805ED6EEC7}.Debug|Any CPU.ActiveCfg = Debug|Any CPU
		{A3649C59-8225-4C42-ADC5-5D805ED6EEC7}.Debug|Any CPU.Build.0 = Debug|Any CPU
		{A3649C59-8225-4C42-ADC5-5D805ED6EEC7}.Release|Any CPU.ActiveCfg = Release|Any CPU
		{A3649C59-8225-4C42-ADC5-5D805ED6EEC7}.Release|Any CPU.Build.0 = Release|Any CPU
		{FBDCB76A-DDEC-440F-8C7F-87B609EE83C8}.Debug|Any CPU.ActiveCfg = Debug|Any CPU
		{FBDCB76A-DDEC-440F-8C7F-87B609EE83C8}.Debug|Any CPU.Build.0 = Debug|Any CPU
		{FBDCB76A-DDEC-440F-8C7F-87B609EE83C8}.Release|Any CPU.ActiveCfg = Release|Any CPU
		{FBDCB76A-DDEC-440F-8C7F-87B609EE83C8}.Release|Any CPU.Build.0 = Release|Any CPU
		{FFC0AD76-095A-4884-B935-0330FAD5731D}.Debug|Any CPU.ActiveCfg = Debug|Any CPU
		{FFC0AD76-095A-4884-B935-0330FAD5731D}.Debug|Any CPU.Build.0 = Debug|Any CPU
		{FFC0AD76-095A-4884-B935-0330FAD5731D}.Release|Any CPU.ActiveCfg = Release|Any CPU
		{FFC0AD76-095A-4884-B935-0330FAD5731D}.Release|Any CPU.Build.0 = Release|Any CPU
		{3AFCDBE2-A539-4585-94C2-A8B9EB3E7302}.Debug|Any CPU.ActiveCfg = Debug|Any CPU
		{3AFCDBE2-A539-4585-94C2-A8B9EB3E7302}.Debug|Any CPU.Build.0 = Debug|Any CPU
		{3AFCDBE2-A539-4585-94C2-A8B9EB3E7302}.Release|Any CPU.ActiveCfg = Release|Any CPU
		{3AFCDBE2-A539-4585-94C2-A8B9EB3E7302}.Release|Any CPU.Build.0 = Release|Any CPU
		{498BBD5E-CED1-4E7A-82E3-39D42DD16906}.Debug|Any CPU.ActiveCfg = Debug|Any CPU
		{498BBD5E-CED1-4E7A-82E3-39D42DD16906}.Debug|Any CPU.Build.0 = Debug|Any CPU
		{498BBD5E-CED1-4E7A-82E3-39D42DD16906}.Release|Any CPU.ActiveCfg = Release|Any CPU
		{498BBD5E-CED1-4E7A-82E3-39D42DD16906}.Release|Any CPU.Build.0 = Release|Any CPU
		{E8BEC871-E74E-45DB-9E1E-9BA9351A364C}.Debug|Any CPU.ActiveCfg = Debug|Any CPU
		{E8BEC871-E74E-45DB-9E1E-9BA9351A364C}.Debug|Any CPU.Build.0 = Debug|Any CPU
		{E8BEC871-E74E-45DB-9E1E-9BA9351A364C}.Release|Any CPU.ActiveCfg = Release|Any CPU
		{E8BEC871-E74E-45DB-9E1E-9BA9351A364C}.Release|Any CPU.Build.0 = Release|Any CPU
		{C7FE5285-64C9-4716-847E-D717CD9B5F03}.Debug|Any CPU.ActiveCfg = Debug|Any CPU
		{C7FE5285-64C9-4716-847E-D717CD9B5F03}.Debug|Any CPU.Build.0 = Debug|Any CPU
		{C7FE5285-64C9-4716-847E-D717CD9B5F03}.Release|Any CPU.ActiveCfg = Release|Any CPU
		{C7FE5285-64C9-4716-847E-D717CD9B5F03}.Release|Any CPU.Build.0 = Release|Any CPU
		{3AF9656B-6DCB-4F4A-937E-D8EE816251BD}.Debug|Any CPU.ActiveCfg = Debug|Any CPU
		{3AF9656B-6DCB-4F4A-937E-D8EE816251BD}.Debug|Any CPU.Build.0 = Debug|Any CPU
		{3AF9656B-6DCB-4F4A-937E-D8EE816251BD}.Release|Any CPU.ActiveCfg = Release|Any CPU
		{3AF9656B-6DCB-4F4A-937E-D8EE816251BD}.Release|Any CPU.Build.0 = Release|Any CPU
		{73179F5A-7B89-444B-A0C3-162A76C772CF}.Debug|Any CPU.ActiveCfg = Debug|Any CPU
		{73179F5A-7B89-444B-A0C3-162A76C772CF}.Debug|Any CPU.Build.0 = Debug|Any CPU
		{73179F5A-7B89-444B-A0C3-162A76C772CF}.Release|Any CPU.ActiveCfg = Release|Any CPU
		{73179F5A-7B89-444B-A0C3-162A76C772CF}.Release|Any CPU.Build.0 = Release|Any CPU
		{D828866B-CB9D-4DBB-8757-78952BA5D361}.Debug|Any CPU.ActiveCfg = Debug|Any CPU
		{D828866B-CB9D-4DBB-8757-78952BA5D361}.Debug|Any CPU.Build.0 = Debug|Any CPU
		{D828866B-CB9D-4DBB-8757-78952BA5D361}.Release|Any CPU.ActiveCfg = Release|Any CPU
		{D828866B-CB9D-4DBB-8757-78952BA5D361}.Release|Any CPU.Build.0 = Release|Any CPU
		{AAF8FD94-C0D8-4159-B7E0-F0575D990DC9}.Debug|Any CPU.ActiveCfg = Debug|Any CPU
		{AAF8FD94-C0D8-4159-B7E0-F0575D990DC9}.Debug|Any CPU.Build.0 = Debug|Any CPU
		{AAF8FD94-C0D8-4159-B7E0-F0575D990DC9}.Release|Any CPU.ActiveCfg = Release|Any CPU
		{AAF8FD94-C0D8-4159-B7E0-F0575D990DC9}.Release|Any CPU.Build.0 = Release|Any CPU
		{D9F68390-14E4-474F-AA95-5A761E0EE2FE}.Debug|Any CPU.ActiveCfg = Debug|Any CPU
		{D9F68390-14E4-474F-AA95-5A761E0EE2FE}.Debug|Any CPU.Build.0 = Debug|Any CPU
		{D9F68390-14E4-474F-AA95-5A761E0EE2FE}.Release|Any CPU.ActiveCfg = Release|Any CPU
		{D9F68390-14E4-474F-AA95-5A761E0EE2FE}.Release|Any CPU.Build.0 = Release|Any CPU
		{FA1C52EF-164D-48E5-B85B-BF5AC6794643}.Debug|Any CPU.ActiveCfg = Debug|Any CPU
		{FA1C52EF-164D-48E5-B85B-BF5AC6794643}.Debug|Any CPU.Build.0 = Debug|Any CPU
		{FA1C52EF-164D-48E5-B85B-BF5AC6794643}.Release|Any CPU.ActiveCfg = Release|Any CPU
		{FA1C52EF-164D-48E5-B85B-BF5AC6794643}.Release|Any CPU.Build.0 = Release|Any CPU
		{073D09A6-F637-43E7-ADC2-6B254579EC5C}.Debug|Any CPU.ActiveCfg = Debug|Any CPU
		{073D09A6-F637-43E7-ADC2-6B254579EC5C}.Debug|Any CPU.Build.0 = Debug|Any CPU
		{073D09A6-F637-43E7-ADC2-6B254579EC5C}.Release|Any CPU.ActiveCfg = Release|Any CPU
		{073D09A6-F637-43E7-ADC2-6B254579EC5C}.Release|Any CPU.Build.0 = Release|Any CPU
		{C2860F92-2449-4796-8B39-F6FD99D23E5E}.Debug|Any CPU.ActiveCfg = Debug|Any CPU
		{C2860F92-2449-4796-8B39-F6FD99D23E5E}.Debug|Any CPU.Build.0 = Debug|Any CPU
		{C2860F92-2449-4796-8B39-F6FD99D23E5E}.Release|Any CPU.ActiveCfg = Release|Any CPU
		{C2860F92-2449-4796-8B39-F6FD99D23E5E}.Release|Any CPU.Build.0 = Release|Any CPU
		{141916ED-2D00-47F2-B25B-9C9A889F4B1B}.Debug|Any CPU.ActiveCfg = Debug|Any CPU
		{141916ED-2D00-47F2-B25B-9C9A889F4B1B}.Debug|Any CPU.Build.0 = Debug|Any CPU
		{141916ED-2D00-47F2-B25B-9C9A889F4B1B}.Release|Any CPU.ActiveCfg = Release|Any CPU
		{141916ED-2D00-47F2-B25B-9C9A889F4B1B}.Release|Any CPU.Build.0 = Release|Any CPU
		{8BCDE547-C97D-4E01-9DF1-C4C029D9554E}.Debug|Any CPU.ActiveCfg = Debug|Any CPU
		{8BCDE547-C97D-4E01-9DF1-C4C029D9554E}.Debug|Any CPU.Build.0 = Debug|Any CPU
		{8BCDE547-C97D-4E01-9DF1-C4C029D9554E}.Release|Any CPU.ActiveCfg = Release|Any CPU
		{8BCDE547-C97D-4E01-9DF1-C4C029D9554E}.Release|Any CPU.Build.0 = Release|Any CPU
		{99682534-006D-45D5-83CB-27D46D183D92}.Debug|Any CPU.ActiveCfg = Debug|Any CPU
		{99682534-006D-45D5-83CB-27D46D183D92}.Debug|Any CPU.Build.0 = Debug|Any CPU
		{99682534-006D-45D5-83CB-27D46D183D92}.Release|Any CPU.ActiveCfg = Release|Any CPU
		{99682534-006D-45D5-83CB-27D46D183D92}.Release|Any CPU.Build.0 = Release|Any CPU
		{B7DCC860-33FA-469E-9261-11437C4EE959}.Debug|Any CPU.ActiveCfg = Debug|Any CPU
		{B7DCC860-33FA-469E-9261-11437C4EE959}.Debug|Any CPU.Build.0 = Debug|Any CPU
		{B7DCC860-33FA-469E-9261-11437C4EE959}.Release|Any CPU.ActiveCfg = Release|Any CPU
		{B7DCC860-33FA-469E-9261-11437C4EE959}.Release|Any CPU.Build.0 = Release|Any CPU
		{8BB1A895-A820-4E80-8586-E70ADC3B9808}.Debug|Any CPU.ActiveCfg = Debug|Any CPU
		{8BB1A895-A820-4E80-8586-E70ADC3B9808}.Debug|Any CPU.Build.0 = Debug|Any CPU
		{8BB1A895-A820-4E80-8586-E70ADC3B9808}.Release|Any CPU.ActiveCfg = Release|Any CPU
		{8BB1A895-A820-4E80-8586-E70ADC3B9808}.Release|Any CPU.Build.0 = Release|Any CPU
		{F5F161C0-B088-478C-89F9-27EC17B253A1}.Debug|Any CPU.ActiveCfg = Debug|Any CPU
		{F5F161C0-B088-478C-89F9-27EC17B253A1}.Debug|Any CPU.Build.0 = Debug|Any CPU
		{F5F161C0-B088-478C-89F9-27EC17B253A1}.Release|Any CPU.ActiveCfg = Release|Any CPU
		{F5F161C0-B088-478C-89F9-27EC17B253A1}.Release|Any CPU.Build.0 = Release|Any CPU
		{5CA974CF-73C1-483E-AAEA-0416CA53AE1F}.Debug|Any CPU.ActiveCfg = Debug|Any CPU
		{5CA974CF-73C1-483E-AAEA-0416CA53AE1F}.Debug|Any CPU.Build.0 = Debug|Any CPU
		{5CA974CF-73C1-483E-AAEA-0416CA53AE1F}.Release|Any CPU.ActiveCfg = Release|Any CPU
		{5CA974CF-73C1-483E-AAEA-0416CA53AE1F}.Release|Any CPU.Build.0 = Release|Any CPU
		{BA10424E-8496-40F2-9FE3-FF5EF02AABD3}.Debug|Any CPU.ActiveCfg = Debug|Any CPU
		{BA10424E-8496-40F2-9FE3-FF5EF02AABD3}.Debug|Any CPU.Build.0 = Debug|Any CPU
		{BA10424E-8496-40F2-9FE3-FF5EF02AABD3}.Release|Any CPU.ActiveCfg = Release|Any CPU
		{BA10424E-8496-40F2-9FE3-FF5EF02AABD3}.Release|Any CPU.Build.0 = Release|Any CPU
		{13DDA266-EE4A-420D-8957-B08C8DA10429}.Debug|Any CPU.ActiveCfg = Debug|Any CPU
		{13DDA266-EE4A-420D-8957-B08C8DA10429}.Debug|Any CPU.Build.0 = Debug|Any CPU
		{13DDA266-EE4A-420D-8957-B08C8DA10429}.Release|Any CPU.ActiveCfg = Release|Any CPU
		{13DDA266-EE4A-420D-8957-B08C8DA10429}.Release|Any CPU.Build.0 = Release|Any CPU
		{F56E2110-1EB7-4309-9F54-294422B39BC4}.Debug|Any CPU.ActiveCfg = Debug|Any CPU
		{F56E2110-1EB7-4309-9F54-294422B39BC4}.Debug|Any CPU.Build.0 = Debug|Any CPU
		{F56E2110-1EB7-4309-9F54-294422B39BC4}.Release|Any CPU.ActiveCfg = Release|Any CPU
		{F56E2110-1EB7-4309-9F54-294422B39BC4}.Release|Any CPU.Build.0 = Release|Any CPU
		{6FD0B1EE-2A27-4DC6-B52F-2B4717A716A4}.Debug|Any CPU.ActiveCfg = Debug|Any CPU
		{6FD0B1EE-2A27-4DC6-B52F-2B4717A716A4}.Debug|Any CPU.Build.0 = Debug|Any CPU
		{6FD0B1EE-2A27-4DC6-B52F-2B4717A716A4}.Release|Any CPU.ActiveCfg = Release|Any CPU
		{6FD0B1EE-2A27-4DC6-B52F-2B4717A716A4}.Release|Any CPU.Build.0 = Release|Any CPU
	EndGlobalSection
	GlobalSection(SolutionProperties) = preSolution
		HideSolutionNode = FALSE
	EndGlobalSection
	GlobalSection(NestedProjects) = preSolution
		{BF3787A9-B30E-47BB-AF3D-74940D191A6F} = {2986DCA4-20AA-4CD9-A39C-19263E4F66BE}
		{8E1DDB0A-558D-47AC-975A-7BCFAA06F39D} = {2986DCA4-20AA-4CD9-A39C-19263E4F66BE}
		{55359DB8-1318-4AEC-9C1E-DC81F167F656} = {2986DCA4-20AA-4CD9-A39C-19263E4F66BE}
		{F4B6D7D9-49CC-454E-BA04-F33F76834DB1} = {BB275A40-EF2D-452E-A519-A03C8084A750}
		{216CD892-52D4-452F-9420-78C2BC63B729} = {BF3787A9-B30E-47BB-AF3D-74940D191A6F}
		{2BD1C948-B7F9-4B3C-83E2-C2D8A8A6E9ED} = {BF3787A9-B30E-47BB-AF3D-74940D191A6F}
		{1A3B7BFC-446E-4763-9FBC-932A5F702E5E} = {BF3787A9-B30E-47BB-AF3D-74940D191A6F}
		{CA212A6C-AA01-43A7-9B04-0292BB8A6CFC} = {BF3787A9-B30E-47BB-AF3D-74940D191A6F}
		{9FBE08A8-66C0-4C4B-B0C0-1975BB2B8940} = {BF3787A9-B30E-47BB-AF3D-74940D191A6F}
		{471A9BC0-1B53-4C40-BC58-A75E4BCE43C7} = {55359DB8-1318-4AEC-9C1E-DC81F167F656}
		{BA6F0784-4F73-4879-8B85-A97A57C81250} = {55359DB8-1318-4AEC-9C1E-DC81F167F656}
		{4FF9AC92-CF07-449C-BA5E-DF5A58823C9C} = {55359DB8-1318-4AEC-9C1E-DC81F167F656}
		{155C1BCE-1ECA-4DF0-A040-86637D7DFC57} = {55359DB8-1318-4AEC-9C1E-DC81F167F656}
		{AD033D00-878C-4130-B368-9C9D04D1158C} = {8E1DDB0A-558D-47AC-975A-7BCFAA06F39D}
		{4C4D3792-0E04-4700-BD47-61C215F21461} = {8E1DDB0A-558D-47AC-975A-7BCFAA06F39D}
		{06D052CB-5924-466A-B738-7AF374A80361} = {8E1DDB0A-558D-47AC-975A-7BCFAA06F39D}
		{0C2F8ECF-63B9-4A86-AB80-1142A4C3DF51} = {8E1DDB0A-558D-47AC-975A-7BCFAA06F39D}
		{FC8AC1FC-3412-43D3-9DC2-E1B79B18F026} = {8E1DDB0A-558D-47AC-975A-7BCFAA06F39D}
		{2A433A94-A33C-4E57-A4A9-63A78AC4851C} = {8E1DDB0A-558D-47AC-975A-7BCFAA06F39D}
		{9F6A2F43-BE88-4425-856A-EA8CBE1F490B} = {BB275A40-EF2D-452E-A519-A03C8084A750}
		{7AEAFA07-98DC-4B7F-9519-F566BC448AAA} = {BB275A40-EF2D-452E-A519-A03C8084A750}
		{E74D8EFE-E586-4D38-8753-96C14C4A30C7} = {BB275A40-EF2D-452E-A519-A03C8084A750}
		{36770D0C-DE15-4E2E-8423-0A88F4AA6935} = {BB275A40-EF2D-452E-A519-A03C8084A750}
		{7F0E783A-3C16-43F4-BFBD-431501DD969A} = {BB275A40-EF2D-452E-A519-A03C8084A750}
		{58ED2E4F-C2DF-4702-9D83-63D34803D051} = {BB275A40-EF2D-452E-A519-A03C8084A750}
		{3277A9EA-D9C5-4773-8068-1742D428D028} = {BB275A40-EF2D-452E-A519-A03C8084A750}
		{56E6EF25-B651-4E1E-81C1-A86C433FA241} = {BB275A40-EF2D-452E-A519-A03C8084A750}
		{48E6C531-0361-47E2-96EB-0D81286410DC} = {BB275A40-EF2D-452E-A519-A03C8084A750}
		{0C3E8F64-332C-4EC9-9145-99831C1A0202} = {BB275A40-EF2D-452E-A519-A03C8084A750}
		{D88A8BE2-E035-40A4-8C9E-F49B1A4F0A1D} = {BB275A40-EF2D-452E-A519-A03C8084A750}
		{C0AD90A5-458C-491F-A17D-471976691B8F} = {BB275A40-EF2D-452E-A519-A03C8084A750}
		{EFC88D84-EE8D-4A49-87B3-66F4A85B293A} = {BB275A40-EF2D-452E-A519-A03C8084A750}
		{AABC6D3E-94B3-4CCC-824A-9D0EA2B0A3D7} = {BB275A40-EF2D-452E-A519-A03C8084A750}
		{EDE6F07D-6D3C-4A6F-8D2B-B42246CC724A} = {BB275A40-EF2D-452E-A519-A03C8084A750}
		{D9D67498-183F-4178-AD17-93B1ADE79B5F} = {BB275A40-EF2D-452E-A519-A03C8084A750}
		{81477556-A2B4-4129-83DA-EF53A4C69195} = {BB275A40-EF2D-452E-A519-A03C8084A750}
		{5DB18530-D33F-4447-B61B-04546B25E214} = {81477556-A2B4-4129-83DA-EF53A4C69195}
		{A3649C59-8225-4C42-ADC5-5D805ED6EEC7} = {499A3D8C-E65D-4CA3-85DD-861D2F6639D7}
		{FBDCB76A-DDEC-440F-8C7F-87B609EE83C8} = {499A3D8C-E65D-4CA3-85DD-861D2F6639D7}
		{499A3D8C-E65D-4CA3-85DD-861D2F6639D7} = {81477556-A2B4-4129-83DA-EF53A4C69195}
		{8DC3C55B-81CE-48E8-BD4F-E301A7C1009D} = {81477556-A2B4-4129-83DA-EF53A4C69195}
		{FFC0AD76-095A-4884-B935-0330FAD5731D} = {8DC3C55B-81CE-48E8-BD4F-E301A7C1009D}
		{3AFCDBE2-A539-4585-94C2-A8B9EB3E7302} = {8DC3C55B-81CE-48E8-BD4F-E301A7C1009D}
		{498BBD5E-CED1-4E7A-82E3-39D42DD16906} = {499A3D8C-E65D-4CA3-85DD-861D2F6639D7}
		{E8BEC871-E74E-45DB-9E1E-9BA9351A364C} = {499A3D8C-E65D-4CA3-85DD-861D2F6639D7}
		{C7FE5285-64C9-4716-847E-D717CD9B5F03} = {499A3D8C-E65D-4CA3-85DD-861D2F6639D7}
		{3AF9656B-6DCB-4F4A-937E-D8EE816251BD} = {499A3D8C-E65D-4CA3-85DD-861D2F6639D7}
		{73179F5A-7B89-444B-A0C3-162A76C772CF} = {499A3D8C-E65D-4CA3-85DD-861D2F6639D7}
		{D828866B-CB9D-4DBB-8757-78952BA5D361} = {8DC3C55B-81CE-48E8-BD4F-E301A7C1009D}
		{AAF8FD94-C0D8-4159-B7E0-F0575D990DC9} = {8DC3C55B-81CE-48E8-BD4F-E301A7C1009D}
		{D9F68390-14E4-474F-AA95-5A761E0EE2FE} = {8DC3C55B-81CE-48E8-BD4F-E301A7C1009D}
		{FA1C52EF-164D-48E5-B85B-BF5AC6794643} = {8DC3C55B-81CE-48E8-BD4F-E301A7C1009D}
		{073D09A6-F637-43E7-ADC2-6B254579EC5C} = {8DC3C55B-81CE-48E8-BD4F-E301A7C1009D}
		{C2860F92-2449-4796-8B39-F6FD99D23E5E} = {8DC3C55B-81CE-48E8-BD4F-E301A7C1009D}
		{141916ED-2D00-47F2-B25B-9C9A889F4B1B} = {8DC3C55B-81CE-48E8-BD4F-E301A7C1009D}
		{8BCDE547-C97D-4E01-9DF1-C4C029D9554E} = {F4B6D7D9-49CC-454E-BA04-F33F76834DB1}
		{99682534-006D-45D5-83CB-27D46D183D92} = {8DC3C55B-81CE-48E8-BD4F-E301A7C1009D}
		{B7DCC860-33FA-469E-9261-11437C4EE959} = {8DC3C55B-81CE-48E8-BD4F-E301A7C1009D}
		{8BB1A895-A820-4E80-8586-E70ADC3B9808} = {81477556-A2B4-4129-83DA-EF53A4C69195}
		{F5F161C0-B088-478C-89F9-27EC17B253A1} = {8DC3C55B-81CE-48E8-BD4F-E301A7C1009D}
		{5CA974CF-73C1-483E-AAEA-0416CA53AE1F} = {4C59DCA8-3BB7-4808-BED6-FD8CC5CA6259}
		{BA10424E-8496-40F2-9FE3-FF5EF02AABD3} = {4C59DCA8-3BB7-4808-BED6-FD8CC5CA6259}
		{13DDA266-EE4A-420D-8957-B08C8DA10429} = {3A4E75ED-C7AB-4E8C-88D8-F8EC22A88926}
		{F56E2110-1EB7-4309-9F54-294422B39BC4} = {3A4E75ED-C7AB-4E8C-88D8-F8EC22A88926}
		{6FD0B1EE-2A27-4DC6-B52F-2B4717A716A4} = {BB275A40-EF2D-452E-A519-A03C8084A750}
	EndGlobalSection
	GlobalSection(ExtensibilityGlobals) = postSolution
		SolutionGuid = {2A0E231E-F1E2-4F83-8499-AF054BB2985E}
	EndGlobalSection
EndGlobal
