
Microsoft Visual Studio Solution File, Format Version 12.00
# Visual Studio Version 17
VisualStudioVersion = 17.1.32421.90
MinimumVisualStudioVersion = 10.0.40219.1
Project("{2150E333-8FDC-42A3-9474-1A3956D46DE8}") = "Base", "Base", "{2986DCA4-20AA-4CD9-A39C-19263E4F66BE}"
	ProjectSection(SolutionItems) = preProject
		Base\04_ExpressionTree.txt = Base\04_ExpressionTree.txt
		Base\05_SQL.txt = Base\05_SQL.txt
	EndProjectSection
EndProject
Project("{2150E333-8FDC-42A3-9474-1A3956D46DE8}") = "01_AnonymousTypes", "01_AnonymousTypes", "{BF3787A9-B30E-47BB-AF3D-74940D191A6F}"
EndProject
Project("{2150E333-8FDC-42A3-9474-1A3956D46DE8}") = "02_ExtensionMethods", "02_ExtensionMethods", "{8E1DDB0A-558D-47AC-975A-7BCFAA06F39D}"
EndProject
Project("{2150E333-8FDC-42A3-9474-1A3956D46DE8}") = "03_LambdaCalculus", "03_LambdaCalculus", "{55359DB8-1318-4AEC-9C1E-DC81F167F656}"
EndProject
Project("{2150E333-8FDC-42A3-9474-1A3956D46DE8}") = "LINQ", "LINQ", "{BB275A40-EF2D-452E-A519-A03C8084A750}"
EndProject
Project("{2150E333-8FDC-42A3-9474-1A3956D46DE8}") = "LambdaExpressions", "LambdaExpressions", "{F4B6D7D9-49CC-454E-BA04-F33F76834DB1}"
EndProject
Project("{FAE04EC0-301F-11D3-BF4B-00C04F79EFBC}") = "01_Anonymous", "Base\01_AnonymousTypes\01_Anonymous\01_Anonymous.csproj", "{216CD892-52D4-452F-9420-78C2BC63B729}"
EndProject
Project("{FAE04EC0-301F-11D3-BF4B-00C04F79EFBC}") = "02_Anonymous", "Base\01_AnonymousTypes\02_Anonymous\02_Anonymous.csproj", "{2BD1C948-B7F9-4B3C-83E2-C2D8A8A6E9ED}"
EndProject
Project("{FAE04EC0-301F-11D3-BF4B-00C04F79EFBC}") = "03_Anonymous", "Base\01_AnonymousTypes\03_Anonymous\03_Anonymous.csproj", "{1A3B7BFC-446E-4763-9FBC-932A5F702E5E}"
EndProject
Project("{FAE04EC0-301F-11D3-BF4B-00C04F79EFBC}") = "04_Anonymous", "Base\01_AnonymousTypes\04_Anonymous\04_Anonymous.csproj", "{CA212A6C-AA01-43A7-9B04-0292BB8A6CFC}"
EndProject
Project("{FAE04EC0-301F-11D3-BF4B-00C04F79EFBC}") = "05_Anonymous", "Base\01_AnonymousTypes\05_Anonymous\05_Anonymous.csproj", "{9FBE08A8-66C0-4C4B-B0C0-1975BB2B8940}"
EndProject
Project("{FAE04EC0-301F-11D3-BF4B-00C04F79EFBC}") = "01_Lambda", "Base\03_LambdaCalculus\01_Lambda\01_Lambda.csproj", "{471A9BC0-1B53-4C40-BC58-A75E4BCE43C7}"
EndProject
Project("{FAE04EC0-301F-11D3-BF4B-00C04F79EFBC}") = "02_Lambda", "Base\03_LambdaCalculus\02_Lambda\02_Lambda.csproj", "{BA6F0784-4F73-4879-8B85-A97A57C81250}"
EndProject
Project("{FAE04EC0-301F-11D3-BF4B-00C04F79EFBC}") = "03_Lambda", "Base\03_LambdaCalculus\03_Lambda\03_Lambda.csproj", "{4FF9AC92-CF07-449C-BA5E-DF5A58823C9C}"
EndProject
Project("{FAE04EC0-301F-11D3-BF4B-00C04F79EFBC}") = "04_Lambda", "Base\03_LambdaCalculus\04_Lambda\04_Lambda.csproj", "{155C1BCE-1ECA-4DF0-A040-86637D7DFC57}"
EndProject
Project("{FAE04EC0-301F-11D3-BF4B-00C04F79EFBC}") = "01_Extension", "Base\02_ExtensionMethods\01_Extension\01_Extension.csproj", "{AD033D00-878C-4130-B368-9C9D04D1158C}"
EndProject
Project("{FAE04EC0-301F-11D3-BF4B-00C04F79EFBC}") = "02_Extension", "Base\02_ExtensionMethods\02_Extension\02_Extension.csproj", "{4C4D3792-0E04-4700-BD47-61C215F21461}"
EndProject
Project("{FAE04EC0-301F-11D3-BF4B-00C04F79EFBC}") = "03_Extension", "Base\02_ExtensionMethods\03_Extension\03_Extension.csproj", "{06D052CB-5924-466A-B738-7AF374A80361}"
EndProject
Project("{FAE04EC0-301F-11D3-BF4B-00C04F79EFBC}") = "04_Extension", "Base\02_ExtensionMethods\04_Extension\04_Extension.csproj", "{0C2F8ECF-63B9-4A86-AB80-1142A4C3DF51}"
EndProject
Project("{FAE04EC0-301F-11D3-BF4B-00C04F79EFBC}") = "05_Extention", "Base\02_ExtensionMethods\05_Extention\05_Extention.csproj", "{FC8AC1FC-3412-43D3-9DC2-E1B79B18F026}"
EndProject
Project("{FAE04EC0-301F-11D3-BF4B-00C04F79EFBC}") = "NumberExtensions", "Base\02_ExtensionMethods\NumberExtensions\NumberExtensions.csproj", "{2A433A94-A33C-4E57-A4A9-63A78AC4851C}"
EndProject
Global
	GlobalSection(SolutionConfigurationPlatforms) = preSolution
		Debug|Any CPU = Debug|Any CPU
		Release|Any CPU = Release|Any CPU
	EndGlobalSection
	GlobalSection(ProjectConfigurationPlatforms) = postSolution
		{216CD892-52D4-452F-9420-78C2BC63B729}.Debug|Any CPU.ActiveCfg = Debug|Any CPU
		{216CD892-52D4-452F-9420-78C2BC63B729}.Debug|Any CPU.Build.0 = Debug|Any CPU
		{216CD892-52D4-452F-9420-78C2BC63B729}.Release|Any CPU.ActiveCfg = Release|Any CPU
		{216CD892-52D4-452F-9420-78C2BC63B729}.Release|Any CPU.Build.0 = Release|Any CPU
		{2BD1C948-B7F9-4B3C-83E2-C2D8A8A6E9ED}.Debug|Any CPU.ActiveCfg = Debug|Any CPU
		{2BD1C948-B7F9-4B3C-83E2-C2D8A8A6E9ED}.Debug|Any CPU.Build.0 = Debug|Any CPU
		{2BD1C948-B7F9-4B3C-83E2-C2D8A8A6E9ED}.Release|Any CPU.ActiveCfg = Release|Any CPU
		{2BD1C948-B7F9-4B3C-83E2-C2D8A8A6E9ED}.Release|Any CPU.Build.0 = Release|Any CPU
		{1A3B7BFC-446E-4763-9FBC-932A5F702E5E}.Debug|Any CPU.ActiveCfg = Debug|Any CPU
		{1A3B7BFC-446E-4763-9FBC-932A5F702E5E}.Debug|Any CPU.Build.0 = Debug|Any CPU
		{1A3B7BFC-446E-4763-9FBC-932A5F702E5E}.Release|Any CPU.ActiveCfg = Release|Any CPU
		{1A3B7BFC-446E-4763-9FBC-932A5F702E5E}.Release|Any CPU.Build.0 = Release|Any CPU
		{CA212A6C-AA01-43A7-9B04-0292BB8A6CFC}.Debug|Any CPU.ActiveCfg = Debug|Any CPU
		{CA212A6C-AA01-43A7-9B04-0292BB8A6CFC}.Debug|Any CPU.Build.0 = Debug|Any CPU
		{CA212A6C-AA01-43A7-9B04-0292BB8A6CFC}.Release|Any CPU.ActiveCfg = Release|Any CPU
		{CA212A6C-AA01-43A7-9B04-0292BB8A6CFC}.Release|Any CPU.Build.0 = Release|Any CPU
		{9FBE08A8-66C0-4C4B-B0C0-1975BB2B8940}.Debug|Any CPU.ActiveCfg = Debug|Any CPU
		{9FBE08A8-66C0-4C4B-B0C0-1975BB2B8940}.Debug|Any CPU.Build.0 = Debug|Any CPU
		{9FBE08A8-66C0-4C4B-B0C0-1975BB2B8940}.Release|Any CPU.ActiveCfg = Release|Any CPU
		{9FBE08A8-66C0-4C4B-B0C0-1975BB2B8940}.Release|Any CPU.Build.0 = Release|Any CPU
		{471A9BC0-1B53-4C40-BC58-A75E4BCE43C7}.Debug|Any CPU.ActiveCfg = Debug|Any CPU
		{471A9BC0-1B53-4C40-BC58-A75E4BCE43C7}.Debug|Any CPU.Build.0 = Debug|Any CPU
		{471A9BC0-1B53-4C40-BC58-A75E4BCE43C7}.Release|Any CPU.ActiveCfg = Release|Any CPU
		{471A9BC0-1B53-4C40-BC58-A75E4BCE43C7}.Release|Any CPU.Build.0 = Release|Any CPU
		{BA6F0784-4F73-4879-8B85-A97A57C81250}.Debug|Any CPU.ActiveCfg = Debug|Any CPU
		{BA6F0784-4F73-4879-8B85-A97A57C81250}.Debug|Any CPU.Build.0 = Debug|Any CPU
		{BA6F0784-4F73-4879-8B85-A97A57C81250}.Release|Any CPU.ActiveCfg = Release|Any CPU
		{BA6F0784-4F73-4879-8B85-A97A57C81250}.Release|Any CPU.Build.0 = Release|Any CPU
		{4FF9AC92-CF07-449C-BA5E-DF5A58823C9C}.Debug|Any CPU.ActiveCfg = Debug|Any CPU
		{4FF9AC92-CF07-449C-BA5E-DF5A58823C9C}.Debug|Any CPU.Build.0 = Debug|Any CPU
		{4FF9AC92-CF07-449C-BA5E-DF5A58823C9C}.Release|Any CPU.ActiveCfg = Release|Any CPU
		{4FF9AC92-CF07-449C-BA5E-DF5A58823C9C}.Release|Any CPU.Build.0 = Release|Any CPU
		{155C1BCE-1ECA-4DF0-A040-86637D7DFC57}.Debug|Any CPU.ActiveCfg = Debug|Any CPU
		{155C1BCE-1ECA-4DF0-A040-86637D7DFC57}.Debug|Any CPU.Build.0 = Debug|Any CPU
		{155C1BCE-1ECA-4DF0-A040-86637D7DFC57}.Release|Any CPU.ActiveCfg = Release|Any CPU
		{155C1BCE-1ECA-4DF0-A040-86637D7DFC57}.Release|Any CPU.Build.0 = Release|Any CPU
		{AD033D00-878C-4130-B368-9C9D04D1158C}.Debug|Any CPU.ActiveCfg = Debug|Any CPU
		{AD033D00-878C-4130-B368-9C9D04D1158C}.Debug|Any CPU.Build.0 = Debug|Any CPU
		{AD033D00-878C-4130-B368-9C9D04D1158C}.Release|Any CPU.ActiveCfg = Release|Any CPU
		{AD033D00-878C-4130-B368-9C9D04D1158C}.Release|Any CPU.Build.0 = Release|Any CPU
		{4C4D3792-0E04-4700-BD47-61C215F21461}.Debug|Any CPU.ActiveCfg = Debug|Any CPU
		{4C4D3792-0E04-4700-BD47-61C215F21461}.Debug|Any CPU.Build.0 = Debug|Any CPU
		{4C4D3792-0E04-4700-BD47-61C215F21461}.Release|Any CPU.ActiveCfg = Release|Any CPU
		{4C4D3792-0E04-4700-BD47-61C215F21461}.Release|Any CPU.Build.0 = Release|Any CPU
		{06D052CB-5924-466A-B738-7AF374A80361}.Debug|Any CPU.ActiveCfg = Debug|Any CPU
		{06D052CB-5924-466A-B738-7AF374A80361}.Debug|Any CPU.Build.0 = Debug|Any CPU
		{06D052CB-5924-466A-B738-7AF374A80361}.Release|Any CPU.ActiveCfg = Release|Any CPU
		{06D052CB-5924-466A-B738-7AF374A80361}.Release|Any CPU.Build.0 = Release|Any CPU
		{0C2F8ECF-63B9-4A86-AB80-1142A4C3DF51}.Debug|Any CPU.ActiveCfg = Debug|Any CPU
		{0C2F8ECF-63B9-4A86-AB80-1142A4C3DF51}.Debug|Any CPU.Build.0 = Debug|Any CPU
		{0C2F8ECF-63B9-4A86-AB80-1142A4C3DF51}.Release|Any CPU.ActiveCfg = Release|Any CPU
		{0C2F8ECF-63B9-4A86-AB80-1142A4C3DF51}.Release|Any CPU.Build.0 = Release|Any CPU
		{FC8AC1FC-3412-43D3-9DC2-E1B79B18F026}.Debug|Any CPU.ActiveCfg = Debug|Any CPU
		{FC8AC1FC-3412-43D3-9DC2-E1B79B18F026}.Debug|Any CPU.Build.0 = Debug|Any CPU
		{FC8AC1FC-3412-43D3-9DC2-E1B79B18F026}.Release|Any CPU.ActiveCfg = Release|Any CPU
		{FC8AC1FC-3412-43D3-9DC2-E1B79B18F026}.Release|Any CPU.Build.0 = Release|Any CPU
		{2A433A94-A33C-4E57-A4A9-63A78AC4851C}.Debug|Any CPU.ActiveCfg = Debug|Any CPU
		{2A433A94-A33C-4E57-A4A9-63A78AC4851C}.Debug|Any CPU.Build.0 = Debug|Any CPU
		{2A433A94-A33C-4E57-A4A9-63A78AC4851C}.Release|Any CPU.ActiveCfg = Release|Any CPU
		{2A433A94-A33C-4E57-A4A9-63A78AC4851C}.Release|Any CPU.Build.0 = Release|Any CPU
	EndGlobalSection
	GlobalSection(SolutionProperties) = preSolution
		HideSolutionNode = FALSE
	EndGlobalSection
	GlobalSection(NestedProjects) = preSolution
		{BF3787A9-B30E-47BB-AF3D-74940D191A6F} = {2986DCA4-20AA-4CD9-A39C-19263E4F66BE}
		{8E1DDB0A-558D-47AC-975A-7BCFAA06F39D} = {2986DCA4-20AA-4CD9-A39C-19263E4F66BE}
		{55359DB8-1318-4AEC-9C1E-DC81F167F656} = {2986DCA4-20AA-4CD9-A39C-19263E4F66BE}
		{F4B6D7D9-49CC-454E-BA04-F33F76834DB1} = {BB275A40-EF2D-452E-A519-A03C8084A750}
		{216CD892-52D4-452F-9420-78C2BC63B729} = {BF3787A9-B30E-47BB-AF3D-74940D191A6F}
		{2BD1C948-B7F9-4B3C-83E2-C2D8A8A6E9ED} = {BF3787A9-B30E-47BB-AF3D-74940D191A6F}
		{1A3B7BFC-446E-4763-9FBC-932A5F702E5E} = {BF3787A9-B30E-47BB-AF3D-74940D191A6F}
		{CA212A6C-AA01-43A7-9B04-0292BB8A6CFC} = {BF3787A9-B30E-47BB-AF3D-74940D191A6F}
		{9FBE08A8-66C0-4C4B-B0C0-1975BB2B8940} = {BF3787A9-B30E-47BB-AF3D-74940D191A6F}
		{471A9BC0-1B53-4C40-BC58-A75E4BCE43C7} = {55359DB8-1318-4AEC-9C1E-DC81F167F656}
		{BA6F0784-4F73-4879-8B85-A97A57C81250} = {55359DB8-1318-4AEC-9C1E-DC81F167F656}
		{4FF9AC92-CF07-449C-BA5E-DF5A58823C9C} = {55359DB8-1318-4AEC-9C1E-DC81F167F656}
		{155C1BCE-1ECA-4DF0-A040-86637D7DFC57} = {55359DB8-1318-4AEC-9C1E-DC81F167F656}
		{AD033D00-878C-4130-B368-9C9D04D1158C} = {8E1DDB0A-558D-47AC-975A-7BCFAA06F39D}
		{4C4D3792-0E04-4700-BD47-61C215F21461} = {8E1DDB0A-558D-47AC-975A-7BCFAA06F39D}
		{06D052CB-5924-466A-B738-7AF374A80361} = {8E1DDB0A-558D-47AC-975A-7BCFAA06F39D}
		{0C2F8ECF-63B9-4A86-AB80-1142A4C3DF51} = {8E1DDB0A-558D-47AC-975A-7BCFAA06F39D}
		{FC8AC1FC-3412-43D3-9DC2-E1B79B18F026} = {8E1DDB0A-558D-47AC-975A-7BCFAA06F39D}
		{2A433A94-A33C-4E57-A4A9-63A78AC4851C} = {8E1DDB0A-558D-47AC-975A-7BCFAA06F39D}
	EndGlobalSection
	GlobalSection(ExtensibilityGlobals) = postSolution
		SolutionGuid = {2A0E231E-F1E2-4F83-8499-AF054BB2985E}
	EndGlobalSection
EndGlobal
